# This file is automatically @generated by Cargo.
# It is not intended for manual editing.
version = 3

[[package]]
name = "adv_linalg"
version = "0.2.0"
dependencies = [
 "adv_linalg_core",
 "adv_linalg_proc_macro",
]

[[package]]
name = "adv_linalg_core"
version = "0.2.0"

[[package]]
name = "adv_linalg_proc_macro"
version = "0.1.0"
